
Microsoft Visual Studio Solution File, Format Version 12.00
# Visual Studio Version 17
VisualStudioVersion = 17.13.35825.156 d17.13
MinimumVisualStudioVersion = 10.0.40219.1
Project("{FAE04EC0-301F-11D3-BF4B-00C04F79EFBC}") = "RecordBot", "RecordBot.csproj", "{ACA396C6-035E-4F3A-8757-E57E18525218}"
EndProject
Global
	GlobalSection(SolutionConfigurationPlatforms) = preSolution
		Debug|Any CPU = Debug|Any CPU
		Release|Any CPU = Release|Any CPU
	EndGlobalSection
	GlobalSection(ProjectConfigurationPlatforms) = postSolution
		{ACA396C6-035E-4F3A-8757-E57E18525218}.Debug|Any CPU.ActiveCfg = Debug|Any CPU
		{ACA396C6-035E-4F3A-8757-E57E18525218}.Debug|Any CPU.Build.0 = Debug|Any CPU
		{ACA396C6-035E-4F3A-8757-E57E18525218}.Release|Any CPU.ActiveCfg = Release|Any CPU
		{ACA396C6-035E-4F3A-8757-E57E18525218}.Release|Any CPU.Build.0 = Release|Any CPU
	EndGlobalSection
	GlobalSection(SolutionProperties) = preSolution
		HideSolutionNode = FALSE
	EndGlobalSection
	GlobalSection(ExtensibilityGlobals) = postSolution
		SolutionGuid = {0CB71B8D-9DE7-4834-95C9-CCBE1A92D6BA}
	EndGlobalSection
EndGlobal
